// !$*UTF8*$!
{
	archiveVersion = 1;
	classes = {
	};
	objectVersion = 46;
	objects = {

/* Begin PBXBuildFile section */
		4163AA231E85F92A00A1BD0E /* AppDelegate.swift in Sources */ = {isa = PBXBuildFile; fileRef = 4163AA221E85F92A00A1BD0E /* AppDelegate.swift */; };
		4163AA251E85F92A00A1BD0E /* ViewController.swift in Sources */ = {isa = PBXBuildFile; fileRef = 4163AA241E85F92A00A1BD0E /* ViewController.swift */; };
		4163AA281E85F92A00A1BD0E /* Main.storyboard in Resources */ = {isa = PBXBuildFile; fileRef = 4163AA261E85F92A00A1BD0E /* Main.storyboard */; };
		4163AA2A1E85F92A00A1BD0E /* Assets.xcassets in Resources */ = {isa = PBXBuildFile; fileRef = 4163AA291E85F92A00A1BD0E /* Assets.xcassets */; };
		4163AA2D1E85F92A00A1BD0E /* LaunchScreen.storyboard in Resources */ = {isa = PBXBuildFile; fileRef = 4163AA2B1E85F92A00A1BD0E /* LaunchScreen.storyboard */; };
/* End PBXBuildFile section */

/* Begin PBXFileReference section */
		4163AA1F1E85F92A00A1BD0E /* GitUseExample.app */ = {isa = PBXFileReference; explicitFileType = wrapper.application; includeInIndex = 0; path = GitUseExample.app; sourceTree = BUILT_PRODUCTS_DIR; };
		4163AA221E85F92A00A1BD0E /* AppDelegate.swift */ = {isa = PBXFileReference; lastKnownFileType = sourcecode.swift; path = AppDelegate.swift; sourceTree = "<group>"; };
		4163AA241E85F92A00A1BD0E /* ViewController.swift */ = {isa = PBXFileReference; lastKnownFileType = sourcecode.swift; path = ViewController.swift; sourceTree = "<group>"; };
		4163AA271E85F92A00A1BD0E /* Base */ = {isa = PBXFileReference; lastKnownFileType = file.storyboard; name = Base; path = Base.lproj/Main.storyboard; sourceTree = "<group>"; };
		4163AA291E85F92A00A1BD0E /* Assets.xcassets */ = {isa = PBXFileReference; lastKnownFileType = folder.assetcatalog; path = Assets.xcassets; sourceTree = "<group>"; };
		4163AA2C1E85F92A00A1BD0E /* Base */ = {isa = PBXFileReference; lastKnownFileType = file.storyboard; name = Base; path = Base.lproj/LaunchScreen.storyboard; sourceTree = "<group>"; };
		4163AA2E1E85F92A00A1BD0E /* Info.plist */ = {isa = PBXFileReference; lastKnownFileType = text.plist.xml; path = Info.plist; sourceTree = "<group>"; };
/* End PBXFileReference section */

/* Begin PBXFrameworksBuildPhase section */
		4163AA1C1E85F92A00A1BD0E /* Frameworks */ = {
			isa = PBXFrameworksBuildPhase;
			buildActionMask = 2147483647;
			files = (
			);
			runOnlyForDeploymentPostprocessing = 0;
		};
/* End PBXFrameworksBuildPhase section */

/* Begin PBXGroup section */
		4163AA161E85F92900A1BD0E = {
			isa = PBXGroup;
			children = (
				4163AA211E85F92A00A1BD0E /* GitUseExample */,
				4163AA201E85F92A00A1BD0E /* Products */,
			);
			sourceTree = "<group>";
		};
		4163AA201E85F92A00A1BD0E /* Products */ = {
			isa = PBXGroup;
			children = (
				4163AA1F1E85F92A00A1BD0E /* GitUseExample.app */,
			);
			name = Products;
			sourceTree = "<group>";
		};
		4163AA211E85F92A00A1BD0E /* GitUseExample */ = {
			isa = PBXGroup;
			children = (
				4163AA221E85F92A00A1BD0E /* AppDelegate.swift */,
				4163AA241E85F92A00A1BD0E /* ViewController.swift */,
				4163AA261E85F92A00A1BD0E /* Main.storyboard */,
				4163AA291E85F92A00A1BD0E /* Assets.xcassets */,
				4163AA2B1E85F92A00A1BD0E /* LaunchScreen.storyboard */,
				4163AA2E1E85F92A00A1BD0E /* Info.plist */,
			);
			path = GitUseExample;
			sourceTree = "<group>";
		};
/* End PBXGroup section */

/* Begin PBXNativeTarget section */
		4163AA1E1E85F92A00A1BD0E /* GitUseExample */ = {
			isa = PBXNativeTarget;
			buildConfigurationList = 4163AA311E85F92A00A1BD0E /* Build configuration list for PBXNativeTarget "GitUseExample" */;
			buildPhases = (
				4163AA1B1E85F92A00A1BD0E /* Sources */,
				4163AA1C1E85F92A00A1BD0E /* Frameworks */,
				4163AA1D1E85F92A00A1BD0E /* Resources */,
			);
			buildRules = (
			);
			dependencies = (
			);
			name = GitUseExample;
			productName = GitUseExample;
			productReference = 4163AA1F1E85F92A00A1BD0E /* GitUseExample.app */;
			productType = "com.apple.product-type.application";
		};
/* End PBXNativeTarget section */

/* Begin PBXProject section */
		4163AA171E85F92900A1BD0E /* Project object */ = {
			isa = PBXProject;
			attributes = {
				LastSwiftUpdateCheck = 0820;
				LastUpgradeCheck = 0820;
				ORGANIZATIONNAME = "Andy Obusek";
				TargetAttributes = {
					4163AA1E1E85F92A00A1BD0E = {
						CreatedOnToolsVersion = 8.2.1;
						DevelopmentTeam = 7HP3JD27P4;
						ProvisioningStyle = Automatic;
					};
				};
			};
			buildConfigurationList = 4163AA1A1E85F92900A1BD0E /* Build configuration list for PBXProject "GitUseExample" */;
			compatibilityVersion = "Xcode 3.2";
			developmentRegion = English;
			hasScannedForEncodings = 0;
			knownRegions = (
				en,
				Base,
			);
			mainGroup = 4163AA161E85F92900A1BD0E;
			productRefGroup = 4163AA201E85F92A00A1BD0E /* Products */;
			projectDirPath = "";
			projectRoot = "";
			targets = (
				4163AA1E1E85F92A00A1BD0E /* GitUseExample */,
			);
		};
/* End PBXProject section */

/* Begin PBXResourcesBuildPhase section */
		4163AA1D1E85F92A00A1BD0E /* Resources */ = {
			isa = PBXResourcesBuildPhase;
			buildActionMask = 2147483647;
			files = (
				4163AA2D1E85F92A00A1BD0E /* LaunchScreen.storyboard in Resources */,
				4163AA2A1E85F92A00A1BD0E /* Assets.xcassets in Resources */,
				4163AA281E85F92A00A1BD0E /* Main.storyboard in Resources */,
			);
			runOnlyForDeploymentPostprocessing = 0;
		};
/* End PBXResourcesBuildPhase section */

/* Begin PBXSourcesBuildPhase section */
		4163AA1B1E85F92A00A1BD0E /* Sources */ = {
			isa = PBXSourcesBuildPhase;
			buildActionMask = 2147483647;
			files = (
				4163AA251E85F92A00A1BD0E /* ViewController.swift in Sources */,
				4163AA231E85F92A00A1BD0E /* AppDelegate.swift in Sources */,
			);
			runOnlyForDeploymentPostprocessing = 0;
		};
/* End PBXSourcesBuildPhase section */

/* Begin PBXVariantGroup section */
		4163AA261E85F92A00A1BD0E /* Main.storyboard */ = {
			isa = PBXVariantGroup;
			children = (
				4163AA271E85F92A00A1BD0E /* Base */,
			);
			name = Main.storyboard;
			sourceTree = "<group>";
		};
		4163AA2B1E85F92A00A1BD0E /* LaunchScreen.storyboard */ = {
			isa = PBXVariantGroup;
			children = (
				4163AA2C1E85F92A00A1BD0E /* Base */,
			);
			name = LaunchScreen.storyboard;
			sourceTree = "<group>";
		};
/* End PBXVariantGroup section */

/* Begin XCBuildConfiguration section */
		4163AA2F1E85F92A00A1BD0E /* Debug */ = {
			isa = XCBuildConfiguration;
			buildSettings = {
				ALWAYS_SEARCH_USER_PATHS = NO;
				CLANG_ANALYZER_NONNULL = YES;
				CLANG_CXX_LANGUAGE_STANDARD = "gnu++0x";
				CLANG_CXX_LIBRARY = "libc++";
				CLANG_ENABLE_MODULES = YES;
				CLANG_ENABLE_OBJC_ARC = YES;
				CLANG_WARN_BOOL_CONVERSION = YES;
				CLANG_WARN_CONSTANT_CONVERSION = YES;
				CLANG_WARN_DIRECT_OBJC_ISA_USAGE = YES_ERROR;
				CLANG_WARN_DOCUMENTATION_COMMENTS = YES;
				CLANG_WARN_EMPTY_BODY = YES;
				CLANG_WARN_ENUM_CONVERSION = YES;
				CLANG_WARN_INFINITE_RECURSION = YES;
				CLANG_WARN_INT_CONVERSION = YES;
				CLANG_WARN_OBJC_ROOT_CLASS = YES_ERROR;
				CLANG_WARN_SUSPICIOUS_MOVE = YES;
				CLANG_WARN_UNREACHABLE_CODE = YES;
				CLANG_WARN__DUPLICATE_METHOD_MATCH = YES;
				"CODE_SIGN_IDENTITY[sdk=iphoneos*]" = "iPhone Developer";
				COPY_PHASE_STRIP = NO;
				DEBUG_INFORMATION_FORMAT = dwarf;
				ENABLE_STRICT_OBJC_MSGSEND = YES;
				ENABLE_TESTABILITY = YES;
				GCC_C_LANGUAGE_STANDARD = gnu99;
				GCC_DYNAMIC_NO_PIC = NO;
				GCC_NO_COMMON_BLOCKS = YES;
				GCC_OPTIMIZATION_LEVEL = 0;
				GCC_PREPROCESSOR_DEFINITIONS = (
					"DEBUG=1",
					"$(inherited)",
				);
				GCC_WARN_64_TO_32_BIT_CONVERSION = YES;
				GCC_WARN_ABOUT_RETURN_TYPE = YES_ERROR;
				GCC_WARN_UNDECLARED_SELECTOR = YES;
				GCC_WARN_UNINITIALIZED_AUTOS = YES_AGGRESSIVE;
				GCC_WARN_UNUSED_FUNCTION = YES;
				GCC_WARN_UNUSED_VARIABLE = YES;
				IPHONEOS_DEPLOYMENT_TARGET = 10.2;
				MTL_ENABLE_DEBUG_INFO = YES;
				ONLY_ACTIVE_ARCH = YES;
				SDKROOT = iphoneos;
				SWIFT_ACTIVE_COMPILATION_CONDITIONS = DEBUG;
				SWIFT_OPTIMIZATION_LEVEL = "-Onone";
			};
			name = Debug;
		};
		4163AA301E85F92A00A1BD0E /* Release */ = {
			isa = XCBuildConfiguration;
			buildSettings = {
				ALWAYS_SEARCH_USER_PATHS = NO;
				CLANG_ANALYZER_NONNULL = YES;
				CLANG_CXX_LANGUAGE_STANDARD = "gnu++0x";
				CLANG_CXX_LIBRARY = "libc++";
				CLANG_ENABLE_MODULES = YES;
				CLANG_ENABLE_OBJC_ARC = YES;
				CLANG_WARN_BOOL_CONVERSION = YES;
				CLANG_WARN_CONSTANT_CONVERSION = YES;
				CLANG_WARN_DIRECT_OBJC_ISA_USAGE = YES_ERROR;
				CLANG_WARN_DOCUMENTATION_COMMENTS = YES;
				CLANG_WARN_EMPTY_BODY = YES;
				CLANG_WARN_ENUM_CONVERSION = YES;
				CLANG_WARN_INFINITE_RECURSION = YES;
				CLANG_WARN_INT_CONVERSION = YES;
				CLANG_WARN_OBJC_ROOT_CLASS = YES_ERROR;
				CLANG_WARN_SUSPICIOUS_MOVE = YES;
				CLANG_WARN_UNREACHABLE_CODE = YES;
				CLANG_WARN__DUPLICATE_METHOD_MATCH = YES;
				"CODE_SIGN_IDENTITY[sdk=iphoneos*]" = "iPhone Developer";
				COPY_PHASE_STRIP = NO;
				DEBUG_INFORMATION_FORMAT = "dwarf-with-dsym";
				ENABLE_NS_ASSERTIONS = NO;
				ENABLE_STRICT_OBJC_MSGSEND = YES;
				GCC_C_LANGUAGE_STANDARD = gnu99;
				GCC_NO_COMMON_BLOCKS = YES;
				GCC_WARN_64_TO_32_BIT_CONVERSION = YES;
				GCC_WARN_ABOUT_RETURN_TYPE = YES_ERROR;
				GCC_WARN_UNDECLARED_SELECTOR = YES;
				GCC_WARN_UNINITIALIZED_AUTOS = YES_AGGRESSIVE;
				GCC_WARN_UNUSED_FUNCTION = YES;
				GCC_WARN_UNUSED_VARIABLE = YES;
				IPHONEOS_DEPLOYMENT_TARGET = 10.2;
				MTL_ENABLE_DEBUG_INFO = NO;
				SDKROOT = iphoneos;
				SWIFT_OPTIMIZATION_LEVEL = "-Owholemodule";
				VALIDATE_PRODUCT = YES;
			};
			name = Release;
		};
		4163AA321E85F92A00A1BD0E /* Debug */ = {
			isa = XCBuildConfiguration;
			buildSettings = {
				ASSETCATALOG_COMPILER_APPICON_NAME = AppIcon;
				DEVELOPMENT_TEAM = 7HP3JD27P4;
				INFOPLIST_FILE = GitUseExample/Info.plist;
				LD_RUNPATH_SEARCH_PATHS = "$(inherited) @executable_path/Frameworks";
				PRODUCT_BUNDLE_IDENTIFIER = com.lightningdevelopment.GitUseExample;
				PRODUCT_NAME = "$(TARGET_NAME)";
				SWIFT_VERSION = 3.0;
			};
			name = Debug;
		};
		4163AA331E85F92A00A1BD0E /* Release */ = {
			isa = XCBuildConfiguration;
			buildSettings = {
				ASSETCATALOG_COMPILER_APPICON_NAME = AppIcon;
				DEVELOPMENT_TEAM = 7HP3JD27P4;
				INFOPLIST_FILE = GitUseExample/Info.plist;
				LD_RUNPATH_SEARCH_PATHS = "$(inherited) @executable_path/Frameworks";
				PRODUCT_BUNDLE_IDENTIFIER = com.lightningdevelopment.GitUseExample;
				PRODUCT_NAME = "$(TARGET_NAME)";
				SWIFT_VERSION = 3.0;
			};
			name = Release;
		};
/* End XCBuildConfiguration section */

/* Begin XCConfigurationList section */
		4163AA1A1E85F92900A1BD0E /* Build configuration list for PBXProject "GitUseExample" */ = {
			isa = XCConfigurationList;
			buildConfigurations = (
				4163AA2F1E85F92A00A1BD0E /* Debug */,
				4163AA301E85F92A00A1BD0E /* Release */,
			);
			defaultConfigurationIsVisible = 0;
			defaultConfigurationName = Release;
		};
		4163AA311E85F92A00A1BD0E /* Build configuration list for PBXNativeTarget "GitUseExample" */ = {
			isa = XCConfigurationList;
			buildConfigurations = (
				4163AA321E85F92A00A1BD0E /* Debug */,
				4163AA331E85F92A00A1BD0E /* Release */,
			);
			defaultConfigurationIsVisible = 0;
		};
/* End XCConfigurationList section */
	};
	rootObject = 4163AA171E85F92900A1BD0E /* Project object */;
}
